
Microsoft Visual Studio Solution File, Format Version 12.00
# Visual Studio 2013
VisualStudioVersion = 12.0.30723.0
MinimumVisualStudioVersion = 10.0.40219.1
Project("{FAE04EC0-301F-11D3-BF4B-00C04F79EFBC}") = "kevinyang", "kevinyang\kevinyang.csproj", "{21BCA6A7-C0A1-4597-A542-29F46660CC49}"
EndProject
Project("{2150E333-8FDC-42A3-9474-1A3956D46DE8}") = "PublishScripts", "PublishScripts", "{7C8E9335-4EA1-4C82-8EBB-0F7F0A3C3209}"
	ProjectSection(SolutionItems) = preProject
		PublishScripts\AzureWebsitePublishModule.psm1 = PublishScripts\AzureWebsitePublishModule.psm1
		PublishScripts\Publish-WebApplicationWebsite.ps1 = PublishScripts\Publish-WebApplicationWebsite.ps1
	EndProjectSection
EndProject
Project("{2150E333-8FDC-42A3-9474-1A3956D46DE8}") = "Configurations", "Configurations", "{0E416EA7-1C19-445C-9964-6FEAB3802443}"
	ProjectSection(SolutionItems) = preProject
		PublishScripts\Configurations\kevinyang-WAWS-dev.json = PublishScripts\Configurations\kevinyang-WAWS-dev.json
	EndProjectSection
EndProject
Global
	GlobalSection(SolutionConfigurationPlatforms) = preSolution
		Debug|Any CPU = Debug|Any CPU
		Release|Any CPU = Release|Any CPU
	EndGlobalSection
	GlobalSection(ProjectConfigurationPlatforms) = postSolution
		{21BCA6A7-C0A1-4597-A542-29F46660CC49}.Debug|Any CPU.ActiveCfg = Debug|Any CPU
		{21BCA6A7-C0A1-4597-A542-29F46660CC49}.Debug|Any CPU.Build.0 = Debug|Any CPU
		{21BCA6A7-C0A1-4597-A542-29F46660CC49}.Release|Any CPU.ActiveCfg = Release|Any CPU
		{21BCA6A7-C0A1-4597-A542-29F46660CC49}.Release|Any CPU.Build.0 = Release|Any CPU
	EndGlobalSection
	GlobalSection(SolutionProperties) = preSolution
		HideSolutionNode = FALSE
	EndGlobalSection
	GlobalSection(NestedProjects) = preSolution
		{0E416EA7-1C19-445C-9964-6FEAB3802443} = {7C8E9335-4EA1-4C82-8EBB-0F7F0A3C3209}
	EndGlobalSection
EndGlobal
